
Microsoft Visual Studio Solution File, Format Version 12.00
# Visual Studio 14
VisualStudioVersion = 14.0.25420.1
MinimumVisualStudioVersion = 10.0.40219.1
Project("{FAE04EC0-301F-11D3-BF4B-00C04F79EFBC}") = "WebISMSManagmentSystem", "WebISMSManagmentSystem\WebISMSManagmentSystem.csproj", "{F77BAFED-68D9-42F6-8B78-056EE99AA2DC}"
EndProject
Project("{FAE04EC0-301F-11D3-BF4B-00C04F79EFBC}") = "DALISMS", "DALISMS\DALISMS.csproj", "{ABAECFD0-F57F-48F1-8A03-56E21E7E15C9}"
EndProject
Project("{FAE04EC0-301F-11D3-BF4B-00C04F79EFBC}") = "BLLISMS", "BLLISMS\BLLISMS.csproj", "{66207E26-7BB6-475C-B5F2-04EAB1B5603B}"
EndProject
Project("{FAE04EC0-301F-11D3-BF4B-00C04F79EFBC}") = "EntityLayerISMS", "EntityLayerISMS\EntityLayerISMS.csproj", "{325C674F-7A4E-4DE4-966C-49D6DD4B7F6B}"
EndProject
Global
	GlobalSection(SolutionConfigurationPlatforms) = preSolution
		Debug|Any CPU = Debug|Any CPU
		Release|Any CPU = Release|Any CPU
	EndGlobalSection
	GlobalSection(ProjectConfigurationPlatforms) = postSolution
		{F77BAFED-68D9-42F6-8B78-056EE99AA2DC}.Debug|Any CPU.ActiveCfg = Debug|Any CPU
		{F77BAFED-68D9-42F6-8B78-056EE99AA2DC}.Debug|Any CPU.Build.0 = Debug|Any CPU
		{F77BAFED-68D9-42F6-8B78-056EE99AA2DC}.Release|Any CPU.ActiveCfg = Release|Any CPU
		{F77BAFED-68D9-42F6-8B78-056EE99AA2DC}.Release|Any CPU.Build.0 = Release|Any CPU
		{ABAECFD0-F57F-48F1-8A03-56E21E7E15C9}.Debug|Any CPU.ActiveCfg = Debug|Any CPU
		{ABAECFD0-F57F-48F1-8A03-56E21E7E15C9}.Debug|Any CPU.Build.0 = Debug|Any CPU
		{ABAECFD0-F57F-48F1-8A03-56E21E7E15C9}.Release|Any CPU.ActiveCfg = Release|Any CPU
		{ABAECFD0-F57F-48F1-8A03-56E21E7E15C9}.Release|Any CPU.Build.0 = Release|Any CPU
		{66207E26-7BB6-475C-B5F2-04EAB1B5603B}.Debug|Any CPU.ActiveCfg = Debug|Any CPU
		{66207E26-7BB6-475C-B5F2-04EAB1B5603B}.Debug|Any CPU.Build.0 = Debug|Any CPU
		{66207E26-7BB6-475C-B5F2-04EAB1B5603B}.Release|Any CPU.ActiveCfg = Release|Any CPU
		{66207E26-7BB6-475C-B5F2-04EAB1B5603B}.Release|Any CPU.Build.0 = Release|Any CPU
		{325C674F-7A4E-4DE4-966C-49D6DD4B7F6B}.Debug|Any CPU.ActiveCfg = Debug|Any CPU
		{325C674F-7A4E-4DE4-966C-49D6DD4B7F6B}.Debug|Any CPU.Build.0 = Debug|Any CPU
		{325C674F-7A4E-4DE4-966C-49D6DD4B7F6B}.Release|Any CPU.ActiveCfg = Release|Any CPU
		{325C674F-7A4E-4DE4-966C-49D6DD4B7F6B}.Release|Any CPU.Build.0 = Release|Any CPU
	EndGlobalSection
	GlobalSection(SolutionProperties) = preSolution
		HideSolutionNode = FALSE
	EndGlobalSection
EndGlobal
